// !$*UTF8*$!
{
	archiveVersion = 1;
	classes = {
	};
	objectVersion = 56;
	objects = {

/* Begin PBXBuildFile section */
		DA15222F299528EC00121090 /* TabViewTest Watch App.app in Embed Watch Content */ = {isa = PBXBuildFile; fileRef = DA15222E299528EC00121090 /* TabViewTest Watch App.app */; settings = {ATTRIBUTES = (RemoveHeadersOnCopy, ); }; };
		DA152234299528EC00121090 /* TabViewTestApp.swift in Sources */ = {isa = PBXBuildFile; fileRef = DA152233299528EC00121090 /* TabViewTestApp.swift */; };
		DA152236299528EC00121090 /* ContentView.swift in Sources */ = {isa = PBXBuildFile; fileRef = DA152235299528EC00121090 /* ContentView.swift */; };
		DA152238299528EE00121090 /* Assets.xcassets in Resources */ = {isa = PBXBuildFile; fileRef = DA152237299528EE00121090 /* Assets.xcassets */; };
		DA15223B299528EE00121090 /* Preview Assets.xcassets in Resources */ = {isa = PBXBuildFile; fileRef = DA15223A299528EE00121090 /* Preview Assets.xcassets */; };
/* End PBXBuildFile section */

/* Begin PBXContainerItemProxy section */
		DA152230299528EC00121090 /* PBXContainerItemProxy */ = {
			isa = PBXContainerItemProxy;
			containerPortal = DA152222299528EC00121090 /* Project object */;
			proxyType = 1;
			remoteGlobalIDString = DA15222D299528EC00121090;
			remoteInfo = "TabViewTest Watch App";
		};
/* End PBXContainerItemProxy section */

/* Begin PBXCopyFilesBuildPhase section */
		DA152241299528EE00121090 /* Embed Watch Content */ = {
			isa = PBXCopyFilesBuildPhase;
			buildActionMask = 2147483647;
			dstPath = "$(CONTENTS_FOLDER_PATH)/Watch";
			dstSubfolderSpec = 16;
			files = (
				DA15222F299528EC00121090 /* TabViewTest Watch App.app in Embed Watch Content */,
			);
			name = "Embed Watch Content";
			runOnlyForDeploymentPostprocessing = 0;
		};
/* End PBXCopyFilesBuildPhase section */

/* Begin PBXFileReference section */
		DA152228299528EC00121090 /* TabViewTest.app */ = {isa = PBXFileReference; explicitFileType = wrapper.application; includeInIndex = 0; path = TabViewTest.app; sourceTree = BUILT_PRODUCTS_DIR; };
		DA15222E299528EC00121090 /* TabViewTest Watch App.app */ = {isa = PBXFileReference; explicitFileType = wrapper.application; includeInIndex = 0; path = "TabViewTest Watch App.app"; sourceTree = BUILT_PRODUCTS_DIR; };
		DA152233299528EC00121090 /* TabViewTestApp.swift */ = {isa = PBXFileReference; lastKnownFileType = sourcecode.swift; path = TabViewTestApp.swift; sourceTree = "<group>"; };
		DA152235299528EC00121090 /* ContentView.swift */ = {isa = PBXFileReference; lastKnownFileType = sourcecode.swift; path = ContentView.swift; sourceTree = "<group>"; };
		DA152237299528EE00121090 /* Assets.xcassets */ = {isa = PBXFileReference; lastKnownFileType = folder.assetcatalog; path = Assets.xcassets; sourceTree = "<group>"; };
		DA15223A299528EE00121090 /* Preview Assets.xcassets */ = {isa = PBXFileReference; lastKnownFileType = folder.assetcatalog; path = "Preview Assets.xcassets"; sourceTree = "<group>"; };
		DA88DAD829983AE2003DE640 /* TabViewTest Watch App.entitlements */ = {isa = PBXFileReference; lastKnownFileType = text.plist.entitlements; path = "TabViewTest Watch App.entitlements"; sourceTree = "<group>"; };
/* End PBXFileReference section */

/* Begin PBXFrameworksBuildPhase section */
		DA15222B299528EC00121090 /* Frameworks */ = {
			isa = PBXFrameworksBuildPhase;
			buildActionMask = 2147483647;
			files = (
			);
			runOnlyForDeploymentPostprocessing = 0;
		};
/* End PBXFrameworksBuildPhase section */

/* Begin PBXGroup section */
		DA152221299528EC00121090 = {
			isa = PBXGroup;
			children = (
				DA152232299528EC00121090 /* TabViewTest Watch App */,
				DA152229299528EC00121090 /* Products */,
			);
			sourceTree = "<group>";
		};
		DA152229299528EC00121090 /* Products */ = {
			isa = PBXGroup;
			children = (
				DA152228299528EC00121090 /* TabViewTest.app */,
				DA15222E299528EC00121090 /* TabViewTest Watch App.app */,
			);
			name = Products;
			sourceTree = "<group>";
		};
		DA152232299528EC00121090 /* TabViewTest Watch App */ = {
			isa = PBXGroup;
			children = (
				DA88DAD829983AE2003DE640 /* TabViewTest Watch App.entitlements */,
				DA152233299528EC00121090 /* TabViewTestApp.swift */,
				DA152235299528EC00121090 /* ContentView.swift */,
				DA152237299528EE00121090 /* Assets.xcassets */,
				DA152239299528EE00121090 /* Preview Content */,
			);
			path = "TabViewTest Watch App";
			sourceTree = "<group>";
		};
		DA152239299528EE00121090 /* Preview Content */ = {
			isa = PBXGroup;
			children = (
				DA15223A299528EE00121090 /* Preview Assets.xcassets */,
			);
			path = "Preview Content";
			sourceTree = "<group>";
		};
/* End PBXGroup section */

/* Begin PBXNativeTarget section */
		DA152227299528EC00121090 /* TabViewTest */ = {
			isa = PBXNativeTarget;
			buildConfigurationList = DA152242299528EE00121090 /* Build configuration list for PBXNativeTarget "TabViewTest" */;
			buildPhases = (
				DA152226299528EC00121090 /* Resources */,
				DA152241299528EE00121090 /* Embed Watch Content */,
			);
			buildRules = (
			);
			dependencies = (
				DA152231299528EC00121090 /* PBXTargetDependency */,
			);
			name = TabViewTest;
			productName = TabViewTest;
			productReference = DA152228299528EC00121090 /* TabViewTest.app */;
			productType = "com.apple.product-type.application.watchapp2-container";
		};
		DA15222D299528EC00121090 /* TabViewTest Watch App */ = {
			isa = PBXNativeTarget;
			buildConfigurationList = DA15223E299528EE00121090 /* Build configuration list for PBXNativeTarget "TabViewTest Watch App" */;
			buildPhases = (
				DA15222A299528EC00121090 /* Sources */,
				DA15222B299528EC00121090 /* Frameworks */,
				DA15222C299528EC00121090 /* Resources */,
			);
			buildRules = (
			);
			dependencies = (
			);
			name = "TabViewTest Watch App";
			productName = "TabViewTest Watch App";
			productReference = DA15222E299528EC00121090 /* TabViewTest Watch App.app */;
			productType = "com.apple.product-type.application";
		};
/* End PBXNativeTarget section */

/* Begin PBXProject section */
		DA152222299528EC00121090 /* Project object */ = {
			isa = PBXProject;
			attributes = {
				BuildIndependentTargetsInParallel = 1;
				LastSwiftUpdateCheck = 1410;
				LastUpgradeCheck = 1410;
				TargetAttributes = {
					DA152227299528EC00121090 = {
						CreatedOnToolsVersion = 14.1;
					};
					DA15222D299528EC00121090 = {
						CreatedOnToolsVersion = 14.1;
					};
				};
			};
			buildConfigurationList = DA152225299528EC00121090 /* Build configuration list for PBXProject "TabViewTest" */;
			compatibilityVersion = "Xcode 14.0";
			developmentRegion = en;
			hasScannedForEncodings = 0;
			knownRegions = (
				en,
				Base,
			);
			mainGroup = DA152221299528EC00121090;
			productRefGroup = DA152229299528EC00121090 /* Products */;
			projectDirPath = "";
			projectRoot = "";
			targets = (
				DA152227299528EC00121090 /* TabViewTest */,
				DA15222D299528EC00121090 /* TabViewTest Watch App */,
			);
		};
/* End PBXProject section */

/* Begin PBXResourcesBuildPhase section */
		DA152226299528EC00121090 /* Resources */ = {
			isa = PBXResourcesBuildPhase;
			buildActionMask = 2147483647;
			files = (
			);
			runOnlyForDeploymentPostprocessing = 0;
		};
		DA15222C299528EC00121090 /* Resources */ = {
			isa = PBXResourcesBuildPhase;
			buildActionMask = 2147483647;
			files = (
				DA15223B299528EE00121090 /* Preview Assets.xcassets in Resources */,
				DA152238299528EE00121090 /* Assets.xcassets in Resources */,
			);
			runOnlyForDeploymentPostprocessing = 0;
		};
/* End PBXResourcesBuildPhase section */

/* Begin PBXSourcesBuildPhase section */
		DA15222A299528EC00121090 /* Sources */ = {
			isa = PBXSourcesBuildPhase;
			buildActionMask = 2147483647;
			files = (
				DA152236299528EC00121090 /* ContentView.swift in Sources */,
				DA152234299528EC00121090 /* TabViewTestApp.swift in Sources */,
			);
			runOnlyForDeploymentPostprocessing = 0;
		};
/* End PBXSourcesBuildPhase section */

/* Begin PBXTargetDependency section */
		DA152231299528EC00121090 /* PBXTargetDependency */ = {
			isa = PBXTargetDependency;
			target = DA15222D299528EC00121090 /* TabViewTest Watch App */;
			targetProxy = DA152230299528EC00121090 /* PBXContainerItemProxy */;
		};
/* End PBXTargetDependency section */

/* Begin XCBuildConfiguration section */
		DA15223C299528EE00121090 /* Debug */ = {
			isa = XCBuildConfiguration;
			buildSettings = {
				ALWAYS_SEARCH_USER_PATHS = NO;
				CLANG_ANALYZER_NONNULL = YES;
				CLANG_ANALYZER_NUMBER_OBJECT_CONVERSION = YES_AGGRESSIVE;
				CLANG_CXX_LANGUAGE_STANDARD = "gnu++20";
				CLANG_ENABLE_MODULES = YES;
				CLANG_ENABLE_OBJC_ARC = YES;
				CLANG_ENABLE_OBJC_WEAK = YES;
				CLANG_WARN_BLOCK_CAPTURE_AUTORELEASING = YES;
				CLANG_WARN_BOOL_CONVERSION = YES;
				CLANG_WARN_COMMA = YES;
				CLANG_WARN_CONSTANT_CONVERSION = YES;
				CLANG_WARN_DEPRECATED_OBJC_IMPLEMENTATIONS = YES;
				CLANG_WARN_DIRECT_OBJC_ISA_USAGE = YES_ERROR;
				CLANG_WARN_DOCUMENTATION_COMMENTS = YES;
				CLANG_WARN_EMPTY_BODY = YES;
				CLANG_WARN_ENUM_CONVERSION = YES;
				CLANG_WARN_INFINITE_RECURSION = YES;
				CLANG_WARN_INT_CONVERSION = YES;
				CLANG_WARN_NON_LITERAL_NULL_CONVERSION = YES;
				CLANG_WARN_OBJC_IMPLICIT_RETAIN_SELF = YES;
				CLANG_WARN_OBJC_LITERAL_CONVERSION = YES;
				CLANG_WARN_OBJC_ROOT_CLASS = YES_ERROR;
				CLANG_WARN_QUOTED_INCLUDE_IN_FRAMEWORK_HEADER = YES;
				CLANG_WARN_RANGE_LOOP_ANALYSIS = YES;
				CLANG_WARN_STRICT_PROTOTYPES = YES;
				CLANG_WARN_SUSPICIOUS_MOVE = YES;
				CLANG_WARN_UNGUARDED_AVAILABILITY = YES_AGGRESSIVE;
				CLANG_WARN_UNREACHABLE_CODE = YES;
				CLANG_WARN__DUPLICATE_METHOD_MATCH = YES;
				COPY_PHASE_STRIP = NO;
				DEBUG_INFORMATION_FORMAT = dwarf;
				ENABLE_STRICT_OBJC_MSGSEND = YES;
				ENABLE_TESTABILITY = YES;
				GCC_C_LANGUAGE_STANDARD = gnu11;
				GCC_DYNAMIC_NO_PIC = NO;
				GCC_NO_COMMON_BLOCKS = YES;
				GCC_OPTIMIZATION_LEVEL = 0;
				GCC_PREPROCESSOR_DEFINITIONS = (
					"DEBUG=1",
					"$(inherited)",
				);
				GCC_WARN_64_TO_32_BIT_CONVERSION = YES;
				GCC_WARN_ABOUT_RETURN_TYPE = YES_ERROR;
				GCC_WARN_UNDECLARED_SELECTOR = YES;
				GCC_WARN_UNINITIALIZED_AUTOS = YES_AGGRESSIVE;
				GCC_WARN_UNUSED_FUNCTION = YES;
				GCC_WARN_UNUSED_VARIABLE = YES;
				MTL_ENABLE_DEBUG_INFO = INCLUDE_SOURCE;
				MTL_FAST_MATH = YES;
				ONLY_ACTIVE_ARCH = YES;
				SWIFT_ACTIVE_COMPILATION_CONDITIONS = DEBUG;
				SWIFT_OPTIMIZATION_LEVEL = "-Onone";
			};
			name = Debug;
		};
		DA15223D299528EE00121090 /* Release */ = {
			isa = XCBuildConfiguration;
			buildSettings = {
				ALWAYS_SEARCH_USER_PATHS = NO;
				CLANG_ANALYZER_NONNULL = YES;
				CLANG_ANALYZER_NUMBER_OBJECT_CONVERSION = YES_AGGRESSIVE;
				CLANG_CXX_LANGUAGE_STANDARD = "gnu++20";
				CLANG_ENABLE_MODULES = YES;
				CLANG_ENABLE_OBJC_ARC = YES;
				CLANG_ENABLE_OBJC_WEAK = YES;
				CLANG_WARN_BLOCK_CAPTURE_AUTORELEASING = YES;
				CLANG_WARN_BOOL_CONVERSION = YES;
				CLANG_WARN_COMMA = YES;
				CLANG_WARN_CONSTANT_CONVERSION = YES;
				CLANG_WARN_DEPRECATED_OBJC_IMPLEMENTATIONS = YES;
				CLANG_WARN_DIRECT_OBJC_ISA_USAGE = YES_ERROR;
				CLANG_WARN_DOCUMENTATION_COMMENTS = YES;
				CLANG_WARN_EMPTY_BODY = YES;
				CLANG_WARN_ENUM_CONVERSION = YES;
				CLANG_WARN_INFINITE_RECURSION = YES;
				CLANG_WARN_INT_CONVERSION = YES;
				CLANG_WARN_NON_LITERAL_NULL_CONVERSION = YES;
				CLANG_WARN_OBJC_IMPLICIT_RETAIN_SELF = YES;
				CLANG_WARN_OBJC_LITERAL_CONVERSION = YES;
				CLANG_WARN_OBJC_ROOT_CLASS = YES_ERROR;
				CLANG_WARN_QUOTED_INCLUDE_IN_FRAMEWORK_HEADER = YES;
				CLANG_WARN_RANGE_LOOP_ANALYSIS = YES;
				CLANG_WARN_STRICT_PROTOTYPES = YES;
				CLANG_WARN_SUSPICIOUS_MOVE = YES;
				CLANG_WARN_UNGUARDED_AVAILABILITY = YES_AGGRESSIVE;
				CLANG_WARN_UNREACHABLE_CODE = YES;
				CLANG_WARN__DUPLICATE_METHOD_MATCH = YES;
				COPY_PHASE_STRIP = NO;
				DEBUG_INFORMATION_FORMAT = "dwarf-with-dsym";
				ENABLE_NS_ASSERTIONS = NO;
				ENABLE_STRICT_OBJC_MSGSEND = YES;
				GCC_C_LANGUAGE_STANDARD = gnu11;
				GCC_NO_COMMON_BLOCKS = YES;
				GCC_WARN_64_TO_32_BIT_CONVERSION = YES;
				GCC_WARN_ABOUT_RETURN_TYPE = YES_ERROR;
				GCC_WARN_UNDECLARED_SELECTOR = YES;
				GCC_WARN_UNINITIALIZED_AUTOS = YES_AGGRESSIVE;
				GCC_WARN_UNUSED_FUNCTION = YES;
				GCC_WARN_UNUSED_VARIABLE = YES;
				MTL_ENABLE_DEBUG_INFO = NO;
				MTL_FAST_MATH = YES;
				SWIFT_COMPILATION_MODE = wholemodule;
				SWIFT_OPTIMIZATION_LEVEL = "-O";
			};
			name = Release;
		};
		DA15223F299528EE00121090 /* Debug */ = {
			isa = XCBuildConfiguration;
			buildSettings = {
				ASSETCATALOG_COMPILER_APPICON_NAME = AppIcon;
				ASSETCATALOG_COMPILER_GLOBAL_ACCENT_COLOR_NAME = AccentColor;
				CODE_SIGN_ENTITLEMENTS = "TabViewTest Watch App/TabViewTest Watch App.entitlements";
				CODE_SIGN_STYLE = Automatic;
				CURRENT_PROJECT_VERSION = 1;
				DEVELOPMENT_ASSET_PATHS = "\"TabViewTest Watch App/Preview Content\"";
				DEVELOPMENT_TEAM = 339H39SFM9;
				ENABLE_PREVIEWS = YES;
				GENERATE_INFOPLIST_FILE = YES;
				INFOPLIST_KEY_CFBundleDisplayName = TabViewTest;
				INFOPLIST_KEY_NSHealthShareUsageDescription = "blaze blaze blaze blaze blaze blaze";
				INFOPLIST_KEY_NSHealthUpdateUsageDescription = "blaze blaze blaze blaze blaze blaze";
				INFOPLIST_KEY_UISupportedInterfaceOrientations = "UIInterfaceOrientationPortrait UIInterfaceOrientationPortraitUpsideDown";
				INFOPLIST_KEY_WKWatchOnly = YES;
				LD_RUNPATH_SEARCH_PATHS = (
					"$(inherited)",
					"@executable_path/Frameworks",
				);
				MARKETING_VERSION = 1.0;
				PRODUCT_BUNDLE_IDENTIFIER = zellis.TabViewTest.watchkitapp;
				PRODUCT_NAME = "$(TARGET_NAME)";
				SDKROOT = watchos;
				SKIP_INSTALL = YES;
				SWIFT_EMIT_LOC_STRINGS = YES;
				SWIFT_VERSION = 5.0;
				TARGETED_DEVICE_FAMILY = 4;
				WATCHOS_DEPLOYMENT_TARGET = 9.1;
			};
			name = Debug;
		};
		DA152240299528EE00121090 /* Release */ = {
			isa = XCBuildConfiguration;
			buildSettings = {
				ASSETCATALOG_COMPILER_APPICON_NAME = AppIcon;
				ASSETCATALOG_COMPILER_GLOBAL_ACCENT_COLOR_NAME = AccentColor;
				CODE_SIGN_ENTITLEMENTS = "TabViewTest Watch App/TabViewTest Watch App.entitlements";
				CODE_SIGN_STYLE = Automatic;
				CURRENT_PROJECT_VERSION = 1;
				DEVELOPMENT_ASSET_PATHS = "\"TabViewTest Watch App/Preview Content\"";
				DEVELOPMENT_TEAM = 339H39SFM9;
				ENABLE_PREVIEWS = YES;
				GENERATE_INFOPLIST_FILE = YES;
				INFOPLIST_KEY_CFBundleDisplayName = TabViewTest;
				INFOPLIST_KEY_NSHealthShareUsageDescription = "blaze blaze blaze blaze blaze blaze";
				INFOPLIST_KEY_NSHealthUpdateUsageDescription = "blaze blaze blaze blaze blaze blaze";
				INFOPLIST_KEY_UISupportedInterfaceOrientations = "UIInterfaceOrientationPortrait UIInterfaceOrientationPortraitUpsideDown";
				INFOPLIST_KEY_WKWatchOnly = YES;
				LD_RUNPATH_SEARCH_PATHS = (
					"$(inherited)",
					"@executable_path/Frameworks",
				);
				MARKETING_VERSION = 1.0;
				PRODUCT_BUNDLE_IDENTIFIER = zellis.TabViewTest.watchkitapp;
				PRODUCT_NAME = "$(TARGET_NAME)";
				SDKROOT = watchos;
				SKIP_INSTALL = YES;
				SWIFT_EMIT_LOC_STRINGS = YES;
				SWIFT_VERSION = 5.0;
				TARGETED_DEVICE_FAMILY = 4;
				VALIDATE_PRODUCT = YES;
				WATCHOS_DEPLOYMENT_TARGET = 9.1;
			};
			name = Release;
		};
		DA152243299528EE00121090 /* Debug */ = {
			isa = XCBuildConfiguration;
			buildSettings = {
				ALWAYS_EMBED_SWIFT_STANDARD_LIBRARIES = YES;
				CODE_SIGN_STYLE = Automatic;
				CURRENT_PROJECT_VERSION = 1;
				DEVELOPMENT_TEAM = 339H39SFM9;
				INFOPLIST_KEY_CFBundleDisplayName = TabViewTest;
				MARKETING_VERSION = 1.0;
				PRODUCT_BUNDLE_IDENTIFIER = zellis.TabViewTest;
				PRODUCT_NAME = "$(TARGET_NAME)";
				SDKROOT = iphoneos;
				SWIFT_VERSION = 5.0;
			};
			name = Debug;
		};
		DA152244299528EE00121090 /* Release */ = {
			isa = XCBuildConfiguration;
			buildSettings = {
				ALWAYS_EMBED_SWIFT_STANDARD_LIBRARIES = YES;
				CODE_SIGN_STYLE = Automatic;
				CURRENT_PROJECT_VERSION = 1;
				DEVELOPMENT_TEAM = 339H39SFM9;
				INFOPLIST_KEY_CFBundleDisplayName = TabViewTest;
				MARKETING_VERSION = 1.0;
				PRODUCT_BUNDLE_IDENTIFIER = zellis.TabViewTest;
				PRODUCT_NAME = "$(TARGET_NAME)";
				SDKROOT = iphoneos;
				SWIFT_VERSION = 5.0;
				VALIDATE_PRODUCT = YES;
			};
			name = Release;
		};
/* End XCBuildConfiguration section */

/* Begin XCConfigurationList section */
		DA152225299528EC00121090 /* Build configuration list for PBXProject "TabViewTest" */ = {
			isa = XCConfigurationList;
			buildConfigurations = (
				DA15223C299528EE00121090 /* Debug */,
				DA15223D299528EE00121090 /* Release */,
			);
			defaultConfigurationIsVisible = 0;
			defaultConfigurationName = Release;
		};
		DA15223E299528EE00121090 /* Build configuration list for PBXNativeTarget "TabViewTest Watch App" */ = {
			isa = XCConfigurationList;
			buildConfigurations = (
				DA15223F299528EE00121090 /* Debug */,
				DA152240299528EE00121090 /* Release */,
			);
			defaultConfigurationIsVisible = 0;
			defaultConfigurationName = Release;
		};
		DA152242299528EE00121090 /* Build configuration list for PBXNativeTarget "TabViewTest" */ = {
			isa = XCConfigurationList;
			buildConfigurations = (
				DA152243299528EE00121090 /* Debug */,
				DA152244299528EE00121090 /* Release */,
			);
			defaultConfigurationIsVisible = 0;
			defaultConfigurationName = Release;
		};
/* End XCConfigurationList section */
	};
	rootObject = DA152222299528EC00121090 /* Project object */;
}
